// !$*UTF8*$!
{
	archiveVersion = 1;
	classes = {
	};
	objectVersion = 50;
	objects = {

/* Begin PBXBuildFile section */
		3642A1AF28CA5B0D00C8F0C3 /* NewsListWebService.swift in Sources */ = {isa = PBXBuildFile; fileRef = 3642A1AE28CA5B0D00C8F0C3 /* NewsListWebService.swift */; };
		3642A1B428CA5EC500C8F0C3 /* Article.swift in Sources */ = {isa = PBXBuildFile; fileRef = 3642A1B328CA5EC500C8F0C3 /* Article.swift */; };
		3642A1B628CAF9B800C8F0C3 /* ArticleListViewModel.swift in Sources */ = {isa = PBXBuildFile; fileRef = 3642A1B528CAF9B800C8F0C3 /* ArticleListViewModel.swift */; };
		3642A1B928CB145600C8F0C3 /* ArticleListTableViewCell.swift in Sources */ = {isa = PBXBuildFile; fileRef = 3642A1B828CB145600C8F0C3 /* ArticleListTableViewCell.swift */; };
		36697E9E28C7C35700E25EB7 /* NewsListViewController.swift in Sources */ = {isa = PBXBuildFile; fileRef = 36697E9D28C7C35700E25EB7 /* NewsListViewController.swift */; };
		36AC0E6F28C5B388004CFD8F /* AppDelegate.swift in Sources */ = {isa = PBXBuildFile; fileRef = 36AC0E6E28C5B388004CFD8F /* AppDelegate.swift */; };
		36AC0E7128C5B388004CFD8F /* SceneDelegate.swift in Sources */ = {isa = PBXBuildFile; fileRef = 36AC0E7028C5B388004CFD8F /* SceneDelegate.swift */; };
		36AC0E7628C5B388004CFD8F /* Main.storyboard in Resources */ = {isa = PBXBuildFile; fileRef = 36AC0E7428C5B388004CFD8F /* Main.storyboard */; };
		36AC0E7828C5B38E004CFD8F /* Assets.xcassets in Resources */ = {isa = PBXBuildFile; fileRef = 36AC0E7728C5B38E004CFD8F /* Assets.xcassets */; };
		36AC0E7B28C5B38E004CFD8F /* LaunchScreen.storyboard in Resources */ = {isa = PBXBuildFile; fileRef = 36AC0E7928C5B38E004CFD8F /* LaunchScreen.storyboard */; };
/* End PBXBuildFile section */

/* Begin PBXFileReference section */
		3642A1AE28CA5B0D00C8F0C3 /* NewsListWebService.swift */ = {isa = PBXFileReference; lastKnownFileType = sourcecode.swift; path = NewsListWebService.swift; sourceTree = "<group>"; };
		3642A1B328CA5EC500C8F0C3 /* Article.swift */ = {isa = PBXFileReference; lastKnownFileType = sourcecode.swift; path = Article.swift; sourceTree = "<group>"; };
		3642A1B528CAF9B800C8F0C3 /* ArticleListViewModel.swift */ = {isa = PBXFileReference; lastKnownFileType = sourcecode.swift; path = ArticleListViewModel.swift; sourceTree = "<group>"; };
		3642A1B828CB145600C8F0C3 /* ArticleListTableViewCell.swift */ = {isa = PBXFileReference; lastKnownFileType = sourcecode.swift; path = ArticleListTableViewCell.swift; sourceTree = "<group>"; };
		36697E9B28C7C17100E25EB7 /* README-details.md */ = {isa = PBXFileReference; lastKnownFileType = net.daringfireball.markdown; path = "README-details.md"; sourceTree = "<group>"; };
		36697E9D28C7C35700E25EB7 /* NewsListViewController.swift */ = {isa = PBXFileReference; lastKnownFileType = sourcecode.swift; path = NewsListViewController.swift; sourceTree = "<group>"; };
		36AC0E6B28C5B388004CFD8F /* SmartNews.app */ = {isa = PBXFileReference; explicitFileType = wrapper.application; includeInIndex = 0; path = SmartNews.app; sourceTree = BUILT_PRODUCTS_DIR; };
		36AC0E6E28C5B388004CFD8F /* AppDelegate.swift */ = {isa = PBXFileReference; lastKnownFileType = sourcecode.swift; path = AppDelegate.swift; sourceTree = "<group>"; };
		36AC0E7028C5B388004CFD8F /* SceneDelegate.swift */ = {isa = PBXFileReference; lastKnownFileType = sourcecode.swift; path = SceneDelegate.swift; sourceTree = "<group>"; };
		36AC0E7528C5B388004CFD8F /* Base */ = {isa = PBXFileReference; lastKnownFileType = file.storyboard; name = Base; path = Base.lproj/Main.storyboard; sourceTree = "<group>"; };
		36AC0E7728C5B38E004CFD8F /* Assets.xcassets */ = {isa = PBXFileReference; lastKnownFileType = folder.assetcatalog; path = Assets.xcassets; sourceTree = "<group>"; };
		36AC0E7A28C5B38E004CFD8F /* Base */ = {isa = PBXFileReference; lastKnownFileType = file.storyboard; name = Base; path = Base.lproj/LaunchScreen.storyboard; sourceTree = "<group>"; };
		36AC0E7C28C5B38E004CFD8F /* Info.plist */ = {isa = PBXFileReference; lastKnownFileType = text.plist.xml; path = Info.plist; sourceTree = "<group>"; };
/* End PBXFileReference section */

/* Begin PBXFrameworksBuildPhase section */
		36AC0E6828C5B388004CFD8F /* Frameworks */ = {
			isa = PBXFrameworksBuildPhase;
			buildActionMask = 2147483647;
			files = (
			);
			runOnlyForDeploymentPostprocessing = 0;
		};
/* End PBXFrameworksBuildPhase section */

/* Begin PBXGroup section */
		3642A1B028CA5B1D00C8F0C3 /* NetworkLayer */ = {
			isa = PBXGroup;
			children = (
				3642A1B128CA5B3200C8F0C3 /* NewsList */,
			);
			path = NetworkLayer;
			sourceTree = "<group>";
		};
		3642A1B128CA5B3200C8F0C3 /* NewsList */ = {
			isa = PBXGroup;
			children = (
				3642A1AE28CA5B0D00C8F0C3 /* NewsListWebService.swift */,
			);
			path = NewsList;
			sourceTree = "<group>";
		};
		3642A1B228CA5CFC00C8F0C3 /* Application */ = {
			isa = PBXGroup;
			children = (
				36AC0E6E28C5B388004CFD8F /* AppDelegate.swift */,
				36AC0E7028C5B388004CFD8F /* SceneDelegate.swift */,
				36AC0E7728C5B38E004CFD8F /* Assets.xcassets */,
				36AC0E7928C5B38E004CFD8F /* LaunchScreen.storyboard */,
				36AC0E7C28C5B38E004CFD8F /* Info.plist */,
				36697E9B28C7C17100E25EB7 /* README-details.md */,
			);
			name = Application;
			sourceTree = "<group>";
		};
		3642A1B728CB143A00C8F0C3 /* Cells */ = {
			isa = PBXGroup;
			children = (
				3642A1B828CB145600C8F0C3 /* ArticleListTableViewCell.swift */,
			);
			name = Cells;
			path = ..;
			sourceTree = "<group>";
		};
		3642A1BA28CB271B00C8F0C3 /* View */ = {
			isa = PBXGroup;
			children = (
				3642A1B728CB143A00C8F0C3 /* Cells */,
				36AC0E7428C5B388004CFD8F /* Main.storyboard */,
			);
			path = View;
			sourceTree = "<group>";
		};
		36697E9C28C7C31800E25EB7 /* Controller */ = {
			isa = PBXGroup;
			children = (
				36697E9D28C7C35700E25EB7 /* NewsListViewController.swift */,
			);
			path = Controller;
			sourceTree = "<group>";
		};
		36697E9F28C7C5FB00E25EB7 /* Models */ = {
			isa = PBXGroup;
			children = (
				3642A1B328CA5EC500C8F0C3 /* Article.swift */,
			);
			path = Models;
			sourceTree = "<group>";
		};
		36697EA028C7C60100E25EB7 /* ViewModels */ = {
			isa = PBXGroup;
			children = (
				3642A1B528CAF9B800C8F0C3 /* ArticleListViewModel.swift */,
			);
			path = ViewModels;
			sourceTree = "<group>";
		};
		36AC0E6228C5B388004CFD8F = {
			isa = PBXGroup;
			children = (
				36AC0E6D28C5B388004CFD8F /* SmartNews */,
				36AC0E6C28C5B388004CFD8F /* Products */,
			);
			sourceTree = "<group>";
		};
		36AC0E6C28C5B388004CFD8F /* Products */ = {
			isa = PBXGroup;
			children = (
				36AC0E6B28C5B388004CFD8F /* SmartNews.app */,
			);
			name = Products;
			sourceTree = "<group>";
		};
		36AC0E6D28C5B388004CFD8F /* SmartNews */ = {
			isa = PBXGroup;
			children = (
				3642A1B228CA5CFC00C8F0C3 /* Application */,
				3642A1BA28CB271B00C8F0C3 /* View */,
				3642A1B028CA5B1D00C8F0C3 /* NetworkLayer */,
				36697EA028C7C60100E25EB7 /* ViewModels */,
				36697E9F28C7C5FB00E25EB7 /* Models */,
				36697E9C28C7C31800E25EB7 /* Controller */,
			);
			path = SmartNews;
			sourceTree = "<group>";
		};
/* End PBXGroup section */

/* Begin PBXNativeTarget section */
		36AC0E6A28C5B388004CFD8F /* SmartNews */ = {
			isa = PBXNativeTarget;
			buildConfigurationList = 36AC0E7F28C5B38F004CFD8F /* Build configuration list for PBXNativeTarget "SmartNews" */;
			buildPhases = (
				36AC0E6728C5B388004CFD8F /* Sources */,
				36AC0E6828C5B388004CFD8F /* Frameworks */,
				36AC0E6928C5B388004CFD8F /* Resources */,
			);
			buildRules = (
			);
			dependencies = (
			);
			name = SmartNews;
			productName = SmartNews;
			productReference = 36AC0E6B28C5B388004CFD8F /* SmartNews.app */;
			productType = "com.apple.product-type.application";
		};
/* End PBXNativeTarget section */

/* Begin PBXProject section */
		36AC0E6328C5B388004CFD8F /* Project object */ = {
			isa = PBXProject;
			attributes = {
				LastSwiftUpdateCheck = 1250;
				LastUpgradeCheck = 1250;
				TargetAttributes = {
					36AC0E6A28C5B388004CFD8F = {
						CreatedOnToolsVersion = 12.5;
					};
				};
			};
			buildConfigurationList = 36AC0E6628C5B388004CFD8F /* Build configuration list for PBXProject "SmartNews" */;
			compatibilityVersion = "Xcode 9.3";
			developmentRegion = en;
			hasScannedForEncodings = 0;
			knownRegions = (
				en,
				Base,
			);
			mainGroup = 36AC0E6228C5B388004CFD8F;
			productRefGroup = 36AC0E6C28C5B388004CFD8F /* Products */;
			projectDirPath = "";
			projectRoot = "";
			targets = (
				36AC0E6A28C5B388004CFD8F /* SmartNews */,
			);
		};
/* End PBXProject section */

/* Begin PBXResourcesBuildPhase section */
		36AC0E6928C5B388004CFD8F /* Resources */ = {
			isa = PBXResourcesBuildPhase;
			buildActionMask = 2147483647;
			files = (
				36AC0E7B28C5B38E004CFD8F /* LaunchScreen.storyboard in Resources */,
				36AC0E7828C5B38E004CFD8F /* Assets.xcassets in Resources */,
				36AC0E7628C5B388004CFD8F /* Main.storyboard in Resources */,
			);
			runOnlyForDeploymentPostprocessing = 0;
		};
/* End PBXResourcesBuildPhase section */

/* Begin PBXSourcesBuildPhase section */
		36AC0E6728C5B388004CFD8F /* Sources */ = {
			isa = PBXSourcesBuildPhase;
			buildActionMask = 2147483647;
			files = (
				36AC0E6F28C5B388004CFD8F /* AppDelegate.swift in Sources */,
				3642A1B628CAF9B800C8F0C3 /* ArticleListViewModel.swift in Sources */,
				36AC0E7128C5B388004CFD8F /* SceneDelegate.swift in Sources */,
				36697E9E28C7C35700E25EB7 /* NewsListViewController.swift in Sources */,
				3642A1AF28CA5B0D00C8F0C3 /* NewsListWebService.swift in Sources */,
				3642A1B428CA5EC500C8F0C3 /* Article.swift in Sources */,
				3642A1B928CB145600C8F0C3 /* ArticleListTableViewCell.swift in Sources */,
			);
			runOnlyForDeploymentPostprocessing = 0;
		};
/* End PBXSourcesBuildPhase section */

/* Begin PBXVariantGroup section */
		36AC0E7428C5B388004CFD8F /* Main.storyboard */ = {
			isa = PBXVariantGroup;
			children = (
				36AC0E7528C5B388004CFD8F /* Base */,
			);
			name = Main.storyboard;
			sourceTree = "<group>";
		};
		36AC0E7928C5B38E004CFD8F /* LaunchScreen.storyboard */ = {
			isa = PBXVariantGroup;
			children = (
				36AC0E7A28C5B38E004CFD8F /* Base */,
			);
			name = LaunchScreen.storyboard;
			sourceTree = "<group>";
		};
/* End PBXVariantGroup section */

/* Begin XCBuildConfiguration section */
		36AC0E7D28C5B38F004CFD8F /* Debug */ = {
			isa = XCBuildConfiguration;
			buildSettings = {
				ALWAYS_SEARCH_USER_PATHS = NO;
				CLANG_ANALYZER_NONNULL = YES;
				CLANG_ANALYZER_NUMBER_OBJECT_CONVERSION = YES_AGGRESSIVE;
				CLANG_CXX_LANGUAGE_STANDARD = "gnu++14";
				CLANG_CXX_LIBRARY = "libc++";
				CLANG_ENABLE_MODULES = YES;
				CLANG_ENABLE_OBJC_ARC = YES;
				CLANG_ENABLE_OBJC_WEAK = YES;
				CLANG_WARN_BLOCK_CAPTURE_AUTORELEASING = YES;
				CLANG_WARN_BOOL_CONVERSION = YES;
				CLANG_WARN_COMMA = YES;
				CLANG_WARN_CONSTANT_CONVERSION = YES;
				CLANG_WARN_DEPRECATED_OBJC_IMPLEMENTATIONS = YES;
				CLANG_WARN_DIRECT_OBJC_ISA_USAGE = YES_ERROR;
				CLANG_WARN_DOCUMENTATION_COMMENTS = YES;
				CLANG_WARN_EMPTY_BODY = YES;
				CLANG_WARN_ENUM_CONVERSION = YES;
				CLANG_WARN_INFINITE_RECURSION = YES;
				CLANG_WARN_INT_CONVERSION = YES;
				CLANG_WARN_NON_LITERAL_NULL_CONVERSION = YES;
				CLANG_WARN_OBJC_IMPLICIT_RETAIN_SELF = YES;
				CLANG_WARN_OBJC_LITERAL_CONVERSION = YES;
				CLANG_WARN_OBJC_ROOT_CLASS = YES_ERROR;
				CLANG_WARN_QUOTED_INCLUDE_IN_FRAMEWORK_HEADER = YES;
				CLANG_WARN_RANGE_LOOP_ANALYSIS = YES;
				CLANG_WARN_STRICT_PROTOTYPES = YES;
				CLANG_WARN_SUSPICIOUS_MOVE = YES;
				CLANG_WARN_UNGUARDED_AVAILABILITY = YES_AGGRESSIVE;
				CLANG_WARN_UNREACHABLE_CODE = YES;
				CLANG_WARN__DUPLICATE_METHOD_MATCH = YES;
				COPY_PHASE_STRIP = NO;
				DEBUG_INFORMATION_FORMAT = dwarf;
				ENABLE_STRICT_OBJC_MSGSEND = YES;
				ENABLE_TESTABILITY = YES;
				GCC_C_LANGUAGE_STANDARD = gnu11;
				GCC_DYNAMIC_NO_PIC = NO;
				GCC_NO_COMMON_BLOCKS = YES;
				GCC_OPTIMIZATION_LEVEL = 0;
				GCC_PREPROCESSOR_DEFINITIONS = (
					"DEBUG=1",
					"$(inherited)",
				);
				GCC_WARN_64_TO_32_BIT_CONVERSION = YES;
				GCC_WARN_ABOUT_RETURN_TYPE = YES_ERROR;
				GCC_WARN_UNDECLARED_SELECTOR = YES;
				GCC_WARN_UNINITIALIZED_AUTOS = YES_AGGRESSIVE;
				GCC_WARN_UNUSED_FUNCTION = YES;
				GCC_WARN_UNUSED_VARIABLE = YES;
				IPHONEOS_DEPLOYMENT_TARGET = 14.5;
				MTL_ENABLE_DEBUG_INFO = INCLUDE_SOURCE;
				MTL_FAST_MATH = YES;
				ONLY_ACTIVE_ARCH = YES;
				SDKROOT = iphoneos;
				SWIFT_ACTIVE_COMPILATION_CONDITIONS = DEBUG;
				SWIFT_OPTIMIZATION_LEVEL = "-Onone";
			};
			name = Debug;
		};
		36AC0E7E28C5B38F004CFD8F /* Release */ = {
			isa = XCBuildConfiguration;
			buildSettings = {
				ALWAYS_SEARCH_USER_PATHS = NO;
				CLANG_ANALYZER_NONNULL = YES;
				CLANG_ANALYZER_NUMBER_OBJECT_CONVERSION = YES_AGGRESSIVE;
				CLANG_CXX_LANGUAGE_STANDARD = "gnu++14";
				CLANG_CXX_LIBRARY = "libc++";
				CLANG_ENABLE_MODULES = YES;
				CLANG_ENABLE_OBJC_ARC = YES;
				CLANG_ENABLE_OBJC_WEAK = YES;
				CLANG_WARN_BLOCK_CAPTURE_AUTORELEASING = YES;
				CLANG_WARN_BOOL_CONVERSION = YES;
				CLANG_WARN_COMMA = YES;
				CLANG_WARN_CONSTANT_CONVERSION = YES;
				CLANG_WARN_DEPRECATED_OBJC_IMPLEMENTATIONS = YES;
				CLANG_WARN_DIRECT_OBJC_ISA_USAGE = YES_ERROR;
				CLANG_WARN_DOCUMENTATION_COMMENTS = YES;
				CLANG_WARN_EMPTY_BODY = YES;
				CLANG_WARN_ENUM_CONVERSION = YES;
				CLANG_WARN_INFINITE_RECURSION = YES;
				CLANG_WARN_INT_CONVERSION = YES;
				CLANG_WARN_NON_LITERAL_NULL_CONVERSION = YES;
				CLANG_WARN_OBJC_IMPLICIT_RETAIN_SELF = YES;
				CLANG_WARN_OBJC_LITERAL_CONVERSION = YES;
				CLANG_WARN_OBJC_ROOT_CLASS = YES_ERROR;
				CLANG_WARN_QUOTED_INCLUDE_IN_FRAMEWORK_HEADER = YES;
				CLANG_WARN_RANGE_LOOP_ANALYSIS = YES;
				CLANG_WARN_STRICT_PROTOTYPES = YES;
				CLANG_WARN_SUSPICIOUS_MOVE = YES;
				CLANG_WARN_UNGUARDED_AVAILABILITY = YES_AGGRESSIVE;
				CLANG_WARN_UNREACHABLE_CODE = YES;
				CLANG_WARN__DUPLICATE_METHOD_MATCH = YES;
				COPY_PHASE_STRIP = NO;
				DEBUG_INFORMATION_FORMAT = "dwarf-with-dsym";
				ENABLE_NS_ASSERTIONS = NO;
				ENABLE_STRICT_OBJC_MSGSEND = YES;
				GCC_C_LANGUAGE_STANDARD = gnu11;
				GCC_NO_COMMON_BLOCKS = YES;
				GCC_WARN_64_TO_32_BIT_CONVERSION = YES;
				GCC_WARN_ABOUT_RETURN_TYPE = YES_ERROR;
				GCC_WARN_UNDECLARED_SELECTOR = YES;
				GCC_WARN_UNINITIALIZED_AUTOS = YES_AGGRESSIVE;
				GCC_WARN_UNUSED_FUNCTION = YES;
				GCC_WARN_UNUSED_VARIABLE = YES;
				IPHONEOS_DEPLOYMENT_TARGET = 14.5;
				MTL_ENABLE_DEBUG_INFO = NO;
				MTL_FAST_MATH = YES;
				SDKROOT = iphoneos;
				SWIFT_COMPILATION_MODE = wholemodule;
				SWIFT_OPTIMIZATION_LEVEL = "-O";
				VALIDATE_PRODUCT = YES;
			};
			name = Release;
		};
		36AC0E8028C5B38F004CFD8F /* Debug */ = {
			isa = XCBuildConfiguration;
			buildSettings = {
				ASSETCATALOG_COMPILER_APPICON_NAME = AppIcon;
				ASSETCATALOG_COMPILER_GLOBAL_ACCENT_COLOR_NAME = AccentColor;
				CODE_SIGN_STYLE = Automatic;
				DEVELOPMENT_TEAM = E85H34S446;
				INFOPLIST_FILE = SmartNews/Info.plist;
				LD_RUNPATH_SEARCH_PATHS = (
					"$(inherited)",
					"@executable_path/Frameworks",
				);
				PRODUCT_BUNDLE_IDENTIFIER = com.baibhavsingh.SmartNews;
				PRODUCT_NAME = "$(TARGET_NAME)";
				SWIFT_VERSION = 5.0;
				TARGETED_DEVICE_FAMILY = "1,2";
			};
			name = Debug;
		};
		36AC0E8128C5B38F004CFD8F /* Release */ = {
			isa = XCBuildConfiguration;
			buildSettings = {
				ASSETCATALOG_COMPILER_APPICON_NAME = AppIcon;
				ASSETCATALOG_COMPILER_GLOBAL_ACCENT_COLOR_NAME = AccentColor;
				CODE_SIGN_STYLE = Automatic;
				DEVELOPMENT_TEAM = E85H34S446;
				INFOPLIST_FILE = SmartNews/Info.plist;
				LD_RUNPATH_SEARCH_PATHS = (
					"$(inherited)",
					"@executable_path/Frameworks",
				);
				PRODUCT_BUNDLE_IDENTIFIER = com.baibhavsingh.SmartNews;
				PRODUCT_NAME = "$(TARGET_NAME)";
				SWIFT_VERSION = 5.0;
				TARGETED_DEVICE_FAMILY = "1,2";
			};
			name = Release;
		};
/* End XCBuildConfiguration section */

/* Begin XCConfigurationList section */
		36AC0E6628C5B388004CFD8F /* Build configuration list for PBXProject "SmartNews" */ = {
			isa = XCConfigurationList;
			buildConfigurations = (
				36AC0E7D28C5B38F004CFD8F /* Debug */,
				36AC0E7E28C5B38F004CFD8F /* Release */,
			);
			defaultConfigurationIsVisible = 0;
			defaultConfigurationName = Release;
		};
		36AC0E7F28C5B38F004CFD8F /* Build configuration list for PBXNativeTarget "SmartNews" */ = {
			isa = XCConfigurationList;
			buildConfigurations = (
				36AC0E8028C5B38F004CFD8F /* Debug */,
				36AC0E8128C5B38F004CFD8F /* Release */,
			);
			defaultConfigurationIsVisible = 0;
			defaultConfigurationName = Release;
		};
/* End XCConfigurationList section */
	};
	rootObject = 36AC0E6328C5B388004CFD8F /* Project object */;
}
